
Microsoft Visual Studio Solution File, Format Version 12.00
# Visual Studio 15
VisualStudioVersion = 15.0.25914.0
MinimumVisualStudioVersion = 10.0.40219.1
Project("{FAE04EC0-301F-11D3-BF4B-00C04F79EFBC}") = "DpiGonzales", "src\DpiGonzales\DpiGonzales.csproj", "{BFEEA179-9A12-43E3-BDB5-B6F673A8B907}"
EndProject
Global
	GlobalSection(SolutionConfigurationPlatforms) = preSolution
		Debug|Any CPU = Debug|Any CPU
		Release|Any CPU = Release|Any CPU
	EndGlobalSection
	GlobalSection(ProjectConfigurationPlatforms) = postSolution
		{BFEEA179-9A12-43E3-BDB5-B6F673A8B907}.Debug|Any CPU.ActiveCfg = Debug|Any CPU
		{BFEEA179-9A12-43E3-BDB5-B6F673A8B907}.Debug|Any CPU.Build.0 = Debug|Any CPU
		{BFEEA179-9A12-43E3-BDB5-B6F673A8B907}.Release|Any CPU.ActiveCfg = Release|Any CPU
		{BFEEA179-9A12-43E3-BDB5-B6F673A8B907}.Release|Any CPU.Build.0 = Release|Any CPU
	EndGlobalSection
	GlobalSection(SolutionProperties) = preSolution
		HideSolutionNode = FALSE
	EndGlobalSection
EndGlobal
